
Microsoft Visual Studio Solution File, Format Version 12.00
# Visual Studio Version 16
VisualStudioVersion = 16.0.31112.23
MinimumVisualStudioVersion = 10.0.40219.1
Project("{FAE04EC0-301F-11D3-BF4B-00C04F79EFBC}") = "Store-system-list", "Store-system-list\Store-system-list.csproj", "{28FCE4BC-8467-416D-9AEC-9051D669DB66}"
EndProject
Global
	GlobalSection(SolutionConfigurationPlatforms) = preSolution
		Debug|Any CPU = Debug|Any CPU
		Release|Any CPU = Release|Any CPU
	EndGlobalSection
	GlobalSection(ProjectConfigurationPlatforms) = postSolution
		{28FCE4BC-8467-416D-9AEC-9051D669DB66}.Debug|Any CPU.ActiveCfg = Debug|Any CPU
		{28FCE4BC-8467-416D-9AEC-9051D669DB66}.Debug|Any CPU.Build.0 = Debug|Any CPU
		{28FCE4BC-8467-416D-9AEC-9051D669DB66}.Release|Any CPU.ActiveCfg = Release|Any CPU
		{28FCE4BC-8467-416D-9AEC-9051D669DB66}.Release|Any CPU.Build.0 = Release|Any CPU
	EndGlobalSection
	GlobalSection(SolutionProperties) = preSolution
		HideSolutionNode = FALSE
	EndGlobalSection
	GlobalSection(ExtensibilityGlobals) = postSolution
		SolutionGuid = {AA617D27-EFB8-45F8-93BF-1D32B19CB894}
	EndGlobalSection
EndGlobal
